
Microsoft Visual Studio Solution File, Format Version 12.00
# Visual Studio Version 17
VisualStudioVersion = 17.0.31903.59
MinimumVisualStudioVersion = 10.0.40219.1
Project("{2150E333-8FDC-42A3-9474-1A3956D46DE8}") = "src", "src", "{827E0CD3-B72D-47B6-A68D-7590B98EB39B}"
EndProject
Project("{2150E333-8FDC-42A3-9474-1A3956D46DE8}") = "SharedKernel", "SharedKernel", "{85F909CB-8F14-ECC8-BA9D-713D1771907F}"
EndProject
Project("{FAE04EC0-301F-11D3-BF4B-00C04F79EFBC}") = "UB.SharedKernel", "src\SharedKernel\UB.SharedKernel\UB.SharedKernel.csproj", "{B9401211-E23D-41C1-AD17-B1A6F217E1C8}"
EndProject
Project("{FAE04EC0-301F-11D3-BF4B-00C04F79EFBC}") = "UB.ApiGateway", "src\Gateway\UB.ApiGateway\UB.ApiGateway.csproj", "{F5B94648-879C-4CC3-89AD-C82057491755}"
EndProject
Project("{FAE04EC0-301F-11D3-BF4B-00C04F79EFBC}") = "Identity.Domain", "src\Services\IdentityService\Identity.Domain\Identity.Domain.csproj", "{3289B8B1-438C-4C32-83A2-F95ADF00272F}"
EndProject
Project("{FAE04EC0-301F-11D3-BF4B-00C04F79EFBC}") = "Identity.Application", "src\Services\IdentityService\Identity.Application\Identity.Application.csproj", "{E5A9A41D-D661-416C-9E25-3EBB6D9DD83C}"
EndProject
Project("{FAE04EC0-301F-11D3-BF4B-00C04F79EFBC}") = "Identity.Infrastructure", "src\Services\IdentityService\Identity.Infrastructure\Identity.Infrastructure.csproj", "{D292D903-CF7B-4091-B19A-AEC032A31127}"
EndProject
Project("{FAE04EC0-301F-11D3-BF4B-00C04F79EFBC}") = "Identity.API", "src\Services\IdentityService\Identity.API\Identity.API.csproj", "{DD92A050-7BD7-4F63-AEDE-41BD6229C598}"
EndProject
Global
	GlobalSection(SolutionConfigurationPlatforms) = preSolution
		Debug|Any CPU = Debug|Any CPU
		Debug|x64 = Debug|x64
		Debug|x86 = Debug|x86
		Release|Any CPU = Release|Any CPU
		Release|x64 = Release|x64
		Release|x86 = Release|x86
	EndGlobalSection
	GlobalSection(ProjectConfigurationPlatforms) = postSolution
		{B9401211-E23D-41C1-AD17-B1A6F217E1C8}.Debug|Any CPU.ActiveCfg = Debug|Any CPU
		{B9401211-E23D-41C1-AD17-B1A6F217E1C8}.Debug|Any CPU.Build.0 = Debug|Any CPU
		{B9401211-E23D-41C1-AD17-B1A6F217E1C8}.Debug|x64.ActiveCfg = Debug|Any CPU
		{B9401211-E23D-41C1-AD17-B1A6F217E1C8}.Debug|x64.Build.0 = Debug|Any CPU
		{B9401211-E23D-41C1-AD17-B1A6F217E1C8}.Debug|x86.ActiveCfg = Debug|Any CPU
		{B9401211-E23D-41C1-AD17-B1A6F217E1C8}.Debug|x86.Build.0 = Debug|Any CPU
		{B9401211-E23D-41C1-AD17-B1A6F217E1C8}.Release|Any CPU.ActiveCfg = Release|Any CPU
		{B9401211-E23D-41C1-AD17-B1A6F217E1C8}.Release|Any CPU.Build.0 = Release|Any CPU
		{B9401211-E23D-41C1-AD17-B1A6F217E1C8}.Release|x64.ActiveCfg = Release|Any CPU
		{B9401211-E23D-41C1-AD17-B1A6F217E1C8}.Release|x64.Build.0 = Release|Any CPU
		{B9401211-E23D-41C1-AD17-B1A6F217E1C8}.Release|x86.ActiveCfg = Release|Any CPU
		{B9401211-E23D-41C1-AD17-B1A6F217E1C8}.Release|x86.Build.0 = Release|Any CPU
		{F5B94648-879C-4CC3-89AD-C82057491755}.Debug|Any CPU.ActiveCfg = Debug|Any CPU
		{F5B94648-879C-4CC3-89AD-C82057491755}.Debug|Any CPU.Build.0 = Debug|Any CPU
		{F5B94648-879C-4CC3-89AD-C82057491755}.Debug|x64.ActiveCfg = Debug|Any CPU
		{F5B94648-879C-4CC3-89AD-C82057491755}.Debug|x64.Build.0 = Debug|Any CPU
		{F5B94648-879C-4CC3-89AD-C82057491755}.Debug|x86.ActiveCfg = Debug|Any CPU
		{F5B94648-879C-4CC3-89AD-C82057491755}.Debug|x86.Build.0 = Debug|Any CPU
		{F5B94648-879C-4CC3-89AD-C82057491755}.Release|Any CPU.ActiveCfg = Release|Any CPU
		{F5B94648-879C-4CC3-89AD-C82057491755}.Release|Any CPU.Build.0 = Release|Any CPU
		{F5B94648-879C-4CC3-89AD-C82057491755}.Release|x64.ActiveCfg = Release|Any CPU
		{F5B94648-879C-4CC3-89AD-C82057491755}.Release|x64.Build.0 = Release|Any CPU
		{F5B94648-879C-4CC3-89AD-C82057491755}.Release|x86.ActiveCfg = Release|Any CPU
		{F5B94648-879C-4CC3-89AD-C82057491755}.Release|x86.Build.0 = Release|Any CPU
		{3289B8B1-438C-4C32-83A2-F95ADF00272F}.Debug|Any CPU.ActiveCfg = Debug|Any CPU
		{3289B8B1-438C-4C32-83A2-F95ADF00272F}.Debug|Any CPU.Build.0 = Debug|Any CPU
		{3289B8B1-438C-4C32-83A2-F95ADF00272F}.Debug|x64.ActiveCfg = Debug|Any CPU
		{3289B8B1-438C-4C32-83A2-F95ADF00272F}.Debug|x64.Build.0 = Debug|Any CPU
		{3289B8B1-438C-4C32-83A2-F95ADF00272F}.Debug|x86.ActiveCfg = Debug|Any CPU
		{3289B8B1-438C-4C32-83A2-F95ADF00272F}.Debug|x86.Build.0 = Debug|Any CPU
		{3289B8B1-438C-4C32-83A2-F95ADF00272F}.Release|Any CPU.ActiveCfg = Release|Any CPU
		{3289B8B1-438C-4C32-83A2-F95ADF00272F}.Release|Any CPU.Build.0 = Release|Any CPU
		{3289B8B1-438C-4C32-83A2-F95ADF00272F}.Release|x64.ActiveCfg = Release|Any CPU
		{3289B8B1-438C-4C32-83A2-F95ADF00272F}.Release|x64.Build.0 = Release|Any CPU
		{3289B8B1-438C-4C32-83A2-F95ADF00272F}.Release|x86.ActiveCfg = Release|Any CPU
		{3289B8B1-438C-4C32-83A2-F95ADF00272F}.Release|x86.Build.0 = Release|Any CPU
		{E5A9A41D-D661-416C-9E25-3EBB6D9DD83C}.Debug|Any CPU.ActiveCfg = Debug|Any CPU
		{E5A9A41D-D661-416C-9E25-3EBB6D9DD83C}.Debug|Any CPU.Build.0 = Debug|Any CPU
		{E5A9A41D-D661-416C-9E25-3EBB6D9DD83C}.Debug|x64.ActiveCfg = Debug|Any CPU
		{E5A9A41D-D661-416C-9E25-3EBB6D9DD83C}.Debug|x64.Build.0 = Debug|Any CPU
		{E5A9A41D-D661-416C-9E25-3EBB6D9DD83C}.Debug|x86.ActiveCfg = Debug|Any CPU
		{E5A9A41D-D661-416C-9E25-3EBB6D9DD83C}.Debug|x86.Build.0 = Debug|Any CPU
		{E5A9A41D-D661-416C-9E25-3EBB6D9DD83C}.Release|Any CPU.ActiveCfg = Release|Any CPU
		{E5A9A41D-D661-416C-9E25-3EBB6D9DD83C}.Release|Any CPU.Build.0 = Release|Any CPU
		{E5A9A41D-D661-416C-9E25-3EBB6D9DD83C}.Release|x64.ActiveCfg = Release|Any CPU
		{E5A9A41D-D661-416C-9E25-3EBB6D9DD83C}.Release|x64.Build.0 = Release|Any CPU
		{E5A9A41D-D661-416C-9E25-3EBB6D9DD83C}.Release|x86.ActiveCfg = Release|Any CPU
		{E5A9A41D-D661-416C-9E25-3EBB6D9DD83C}.Release|x86.Build.0 = Release|Any CPU
		{D292D903-CF7B-4091-B19A-AEC032A31127}.Debug|Any CPU.ActiveCfg = Debug|Any CPU
		{D292D903-CF7B-4091-B19A-AEC032A31127}.Debug|Any CPU.Build.0 = Debug|Any CPU
		{D292D903-CF7B-4091-B19A-AEC032A31127}.Debug|x64.ActiveCfg = Debug|Any CPU
		{D292D903-CF7B-4091-B19A-AEC032A31127}.Debug|x64.Build.0 = Debug|Any CPU
		{D292D903-CF7B-4091-B19A-AEC032A31127}.Debug|x86.ActiveCfg = Debug|Any CPU
		{D292D903-CF7B-4091-B19A-AEC032A31127}.Debug|x86.Build.0 = Debug|Any CPU
		{D292D903-CF7B-4091-B19A-AEC032A31127}.Release|Any CPU.ActiveCfg = Release|Any CPU
		{D292D903-CF7B-4091-B19A-AEC032A31127}.Release|Any CPU.Build.0 = Release|Any CPU
		{D292D903-CF7B-4091-B19A-AEC032A31127}.Release|x64.ActiveCfg = Release|Any CPU
		{D292D903-CF7B-4091-B19A-AEC032A31127}.Release|x64.Build.0 = Release|Any CPU
		{D292D903-CF7B-4091-B19A-AEC032A31127}.Release|x86.ActiveCfg = Release|Any CPU
		{D292D903-CF7B-4091-B19A-AEC032A31127}.Release|x86.Build.0 = Release|Any CPU
		{DD92A050-7BD7-4F63-AEDE-41BD6229C598}.Debug|Any CPU.ActiveCfg = Debug|Any CPU
		{DD92A050-7BD7-4F63-AEDE-41BD6229C598}.Debug|Any CPU.Build.0 = Debug|Any CPU
		{DD92A050-7BD7-4F63-AEDE-41BD6229C598}.Debug|x64.ActiveCfg = Debug|Any CPU
		{DD92A050-7BD7-4F63-AEDE-41BD6229C598}.Debug|x64.Build.0 = Debug|Any CPU
		{DD92A050-7BD7-4F63-AEDE-41BD6229C598}.Debug|x86.ActiveCfg = Debug|Any CPU
		{DD92A050-7BD7-4F63-AEDE-41BD6229C598}.Debug|x86.Build.0 = Debug|Any CPU
		{DD92A050-7BD7-4F63-AEDE-41BD6229C598}.Release|Any CPU.ActiveCfg = Release|Any CPU
		{DD92A050-7BD7-4F63-AEDE-41BD6229C598}.Release|Any CPU.Build.0 = Release|Any CPU
		{DD92A050-7BD7-4F63-AEDE-41BD6229C598}.Release|x64.ActiveCfg = Release|Any CPU
		{DD92A050-7BD7-4F63-AEDE-41BD6229C598}.Release|x64.Build.0 = Release|Any CPU
		{DD92A050-7BD7-4F63-AEDE-41BD6229C598}.Release|x86.ActiveCfg = Release|Any CPU
		{DD92A050-7BD7-4F63-AEDE-41BD6229C598}.Release|x86.Build.0 = Release|Any CPU
	EndGlobalSection
	GlobalSection(SolutionProperties) = preSolution
		HideSolutionNode = FALSE
	EndGlobalSection
	GlobalSection(NestedProjects) = preSolution
		{85F909CB-8F14-ECC8-BA9D-713D1771907F} = {827E0CD3-B72D-47B6-A68D-7590B98EB39B}
		{B9401211-E23D-41C1-AD17-B1A6F217E1C8} = {85F909CB-8F14-ECC8-BA9D-713D1771907F}
		{F5B94648-879C-4CC3-89AD-C82057491755} = {85F909CB-8F14-ECC8-BA9D-713D1771907F}
		{3289B8B1-438C-4C32-83A2-F95ADF00272F} = {85F909CB-8F14-ECC8-BA9D-713D1771907F}
		{E5A9A41D-D661-416C-9E25-3EBB6D9DD83C} = {85F909CB-8F14-ECC8-BA9D-713D1771907F}
		{D292D903-CF7B-4091-B19A-AEC032A31127} = {85F909CB-8F14-ECC8-BA9D-713D1771907F}
		{DD92A050-7BD7-4F63-AEDE-41BD6229C598} = {85F909CB-8F14-ECC8-BA9D-713D1771907F}
	EndGlobalSection
EndGlobal
